
Microsoft Visual Studio Solution File, Format Version 12.00
# Visual Studio Version 17
VisualStudioVersion = 17.6.33815.320
MinimumVisualStudioVersion = 10.0.40219.1
Project("{9A19103F-16F7-4668-BE54-9A1E7A4F7556}") = "Lab7-ZOO", "Lab7-ZOO.csproj", "{258665BA-A52B-42B4-A65F-5F25991BD953}"
EndProject
Project("{9A19103F-16F7-4668-BE54-9A1E7A4F7556}") = "TestLab6-ZOO", "..\TestLab6-ZOO\TestLab6-ZOO.csproj", "{4DB3EC18-BE29-4697-B7D2-6D1F2D141CBD}"
EndProject
Global
	GlobalSection(SolutionConfigurationPlatforms) = preSolution
		Debug|Any CPU = Debug|Any CPU
		Release|Any CPU = Release|Any CPU
	EndGlobalSection
	GlobalSection(ProjectConfigurationPlatforms) = postSolution
		{258665BA-A52B-42B4-A65F-5F25991BD953}.Debug|Any CPU.ActiveCfg = Debug|Any CPU
		{258665BA-A52B-42B4-A65F-5F25991BD953}.Debug|Any CPU.Build.0 = Debug|Any CPU
		{258665BA-A52B-42B4-A65F-5F25991BD953}.Release|Any CPU.ActiveCfg = Release|Any CPU
		{258665BA-A52B-42B4-A65F-5F25991BD953}.Release|Any CPU.Build.0 = Release|Any CPU
		{4DB3EC18-BE29-4697-B7D2-6D1F2D141CBD}.Debug|Any CPU.ActiveCfg = Debug|Any CPU
		{4DB3EC18-BE29-4697-B7D2-6D1F2D141CBD}.Debug|Any CPU.Build.0 = Debug|Any CPU
		{4DB3EC18-BE29-4697-B7D2-6D1F2D141CBD}.Release|Any CPU.ActiveCfg = Release|Any CPU
		{4DB3EC18-BE29-4697-B7D2-6D1F2D141CBD}.Release|Any CPU.Build.0 = Release|Any CPU
	EndGlobalSection
	GlobalSection(SolutionProperties) = preSolution
		HideSolutionNode = FALSE
	EndGlobalSection
	GlobalSection(ExtensibilityGlobals) = postSolution
		SolutionGuid = {12AE7EAF-A3BD-4E9B-B5C6-3AD79A61EC65}
	EndGlobalSection
EndGlobal
